
Microsoft Visual Studio Solution File, Format Version 12.00
# Visual Studio Version 17
VisualStudioVersion = 17.0.31710.8
MinimumVisualStudioVersion = 10.0.40219.1
Project("{FAE04EC0-301F-11D3-BF4B-00C04F79EFBC}") = "SharedModels", "SharedModels\SharedModels.csproj", "{2C03568A-FD7C-4F61-820E-41D5D8541F2D}"
EndProject
Global
	GlobalSection(SolutionConfigurationPlatforms) = preSolution
		Debug|Any CPU = Debug|Any CPU
		Release|Any CPU = Release|Any CPU
	EndGlobalSection
	GlobalSection(ProjectConfigurationPlatforms) = postSolution
		{2C03568A-FD7C-4F61-820E-41D5D8541F2D}.Debug|Any CPU.ActiveCfg = Debug|Any CPU
		{2C03568A-FD7C-4F61-820E-41D5D8541F2D}.Debug|Any CPU.Build.0 = Debug|Any CPU
		{2C03568A-FD7C-4F61-820E-41D5D8541F2D}.Release|Any CPU.ActiveCfg = Release|Any CPU
		{2C03568A-FD7C-4F61-820E-41D5D8541F2D}.Release|Any CPU.Build.0 = Release|Any CPU
	EndGlobalSection
	GlobalSection(SolutionProperties) = preSolution
		HideSolutionNode = FALSE
	EndGlobalSection
	GlobalSection(ExtensibilityGlobals) = postSolution
		SolutionGuid = {3FEC0A4C-B20F-494D-A0F9-F267D2AFBBED}
	EndGlobalSection
EndGlobal
